// !$*UTF8*$!
{
	archiveVersion = 1;
	classes = {
	};
	objectVersion = 56;
	objects = {

/* Begin PBXBuildFile section */
		1E38EBF82970051200E761F5 /* AppDelegate.swift in Sources */ = {isa = PBXBuildFile; fileRef = 1E38EBF72970051200E761F5 /* AppDelegate.swift */; };
		1E38EBFA2970051200E761F5 /* SceneDelegate.swift in Sources */ = {isa = PBXBuildFile; fileRef = 1E38EBF92970051200E761F5 /* SceneDelegate.swift */; };
		1E38EBFC2970051200E761F5 /* ViewController.swift in Sources */ = {isa = PBXBuildFile; fileRef = 1E38EBFB2970051200E761F5 /* ViewController.swift */; };
		1E38EBFF2970051200E761F5 /* Main.storyboard in Resources */ = {isa = PBXBuildFile; fileRef = 1E38EBFD2970051200E761F5 /* Main.storyboard */; };
		1E38EC012970051300E761F5 /* Assets.xcassets in Resources */ = {isa = PBXBuildFile; fileRef = 1E38EC002970051300E761F5 /* Assets.xcassets */; };
		1E38EC042970051300E761F5 /* LaunchScreen.storyboard in Resources */ = {isa = PBXBuildFile; fileRef = 1E38EC022970051300E761F5 /* LaunchScreen.storyboard */; };
		1E38EC0C297089DA00E761F5 /* TabController.swift in Sources */ = {isa = PBXBuildFile; fileRef = 1E38EC0B297089DA00E761F5 /* TabController.swift */; };
		1E38EC0E29708A8900E761F5 /* ModalController.swift in Sources */ = {isa = PBXBuildFile; fileRef = 1E38EC0D29708A8900E761F5 /* ModalController.swift */; };
		1E38EC102971605800E761F5 /* Constants.swift in Sources */ = {isa = PBXBuildFile; fileRef = 1E38EC0F2971605800E761F5 /* Constants.swift */; };
		1E38EC12297195F400E761F5 /* ScriptHandler.swift in Sources */ = {isa = PBXBuildFile; fileRef = 1E38EC11297195F400E761F5 /* ScriptHandler.swift */; };
		1E38EC142971963D00E761F5 /* ScrollHandler.swift in Sources */ = {isa = PBXBuildFile; fileRef = 1E38EC132971963D00E761F5 /* ScrollHandler.swift */; };
/* End PBXBuildFile section */

/* Begin PBXFileReference section */
		1E38EBF42970051200E761F5 /* miniview.app */ = {isa = PBXFileReference; explicitFileType = wrapper.application; includeInIndex = 0; path = miniview.app; sourceTree = BUILT_PRODUCTS_DIR; };
		1E38EBF72970051200E761F5 /* AppDelegate.swift */ = {isa = PBXFileReference; lastKnownFileType = sourcecode.swift; path = AppDelegate.swift; sourceTree = "<group>"; };
		1E38EBF92970051200E761F5 /* SceneDelegate.swift */ = {isa = PBXFileReference; lastKnownFileType = sourcecode.swift; path = SceneDelegate.swift; sourceTree = "<group>"; };
		1E38EBFB2970051200E761F5 /* ViewController.swift */ = {isa = PBXFileReference; lastKnownFileType = sourcecode.swift; path = ViewController.swift; sourceTree = "<group>"; };
		1E38EBFE2970051200E761F5 /* Base */ = {isa = PBXFileReference; lastKnownFileType = file.storyboard; name = Base; path = Base.lproj/Main.storyboard; sourceTree = "<group>"; };
		1E38EC002970051300E761F5 /* Assets.xcassets */ = {isa = PBXFileReference; lastKnownFileType = folder.assetcatalog; path = Assets.xcassets; sourceTree = "<group>"; };
		1E38EC032970051300E761F5 /* Base */ = {isa = PBXFileReference; lastKnownFileType = file.storyboard; name = Base; path = Base.lproj/LaunchScreen.storyboard; sourceTree = "<group>"; };
		1E38EC052970051300E761F5 /* Info.plist */ = {isa = PBXFileReference; lastKnownFileType = text.plist.xml; path = Info.plist; sourceTree = "<group>"; };
		1E38EC0B297089DA00E761F5 /* TabController.swift */ = {isa = PBXFileReference; lastKnownFileType = sourcecode.swift; path = TabController.swift; sourceTree = "<group>"; };
		1E38EC0D29708A8900E761F5 /* ModalController.swift */ = {isa = PBXFileReference; lastKnownFileType = sourcecode.swift; path = ModalController.swift; sourceTree = "<group>"; };
		1E38EC0F2971605800E761F5 /* Constants.swift */ = {isa = PBXFileReference; lastKnownFileType = sourcecode.swift; path = Constants.swift; sourceTree = "<group>"; };
		1E38EC11297195F400E761F5 /* ScriptHandler.swift */ = {isa = PBXFileReference; lastKnownFileType = sourcecode.swift; path = ScriptHandler.swift; sourceTree = "<group>"; };
		1E38EC132971963D00E761F5 /* ScrollHandler.swift */ = {isa = PBXFileReference; lastKnownFileType = sourcecode.swift; path = ScrollHandler.swift; sourceTree = "<group>"; };
/* End PBXFileReference section */

/* Begin PBXFrameworksBuildPhase section */
		1E38EBF12970051200E761F5 /* Frameworks */ = {
			isa = PBXFrameworksBuildPhase;
			buildActionMask = 2147483647;
			files = (
			);
			runOnlyForDeploymentPostprocessing = 0;
		};
/* End PBXFrameworksBuildPhase section */

/* Begin PBXGroup section */
		1E38EBEB2970051200E761F5 = {
			isa = PBXGroup;
			children = (
				1E38EBF62970051200E761F5 /* miniview */,
				1E38EBF52970051200E761F5 /* Products */,
			);
			sourceTree = "<group>";
		};
		1E38EBF52970051200E761F5 /* Products */ = {
			isa = PBXGroup;
			children = (
				1E38EBF42970051200E761F5 /* miniview.app */,
			);
			name = Products;
			sourceTree = "<group>";
		};
		1E38EBF62970051200E761F5 /* miniview */ = {
			isa = PBXGroup;
			children = (
				1E38EC0F2971605800E761F5 /* Constants.swift */,
				1E38EBF72970051200E761F5 /* AppDelegate.swift */,
				1E38EBF92970051200E761F5 /* SceneDelegate.swift */,
				1E38EC11297195F400E761F5 /* ScriptHandler.swift */,
				1E38EC132971963D00E761F5 /* ScrollHandler.swift */,
				1E38EC0B297089DA00E761F5 /* TabController.swift */,
				1E38EBFB2970051200E761F5 /* ViewController.swift */,
				1E38EC0D29708A8900E761F5 /* ModalController.swift */,
				1E38EBFD2970051200E761F5 /* Main.storyboard */,
				1E38EC002970051300E761F5 /* Assets.xcassets */,
				1E38EC022970051300E761F5 /* LaunchScreen.storyboard */,
				1E38EC052970051300E761F5 /* Info.plist */,
			);
			path = miniview;
			sourceTree = "<group>";
		};
/* End PBXGroup section */

/* Begin PBXNativeTarget section */
		1E38EBF32970051200E761F5 /* miniview */ = {
			isa = PBXNativeTarget;
			buildConfigurationList = 1E38EC082970051300E761F5 /* Build configuration list for PBXNativeTarget "miniview" */;
			buildPhases = (
				1E38EBF02970051200E761F5 /* Sources */,
				1E38EBF12970051200E761F5 /* Frameworks */,
				1E38EBF22970051200E761F5 /* Resources */,
			);
			buildRules = (
			);
			dependencies = (
			);
			name = miniview;
			productName = "new-wv";
			productReference = 1E38EBF42970051200E761F5 /* miniview.app */;
			productType = "com.apple.product-type.application";
		};
/* End PBXNativeTarget section */

/* Begin PBXProject section */
		1E38EBEC2970051200E761F5 /* Project object */ = {
			isa = PBXProject;
			attributes = {
				BuildIndependentTargetsInParallel = 1;
				LastSwiftUpdateCheck = 1400;
				LastUpgradeCheck = 1400;
				TargetAttributes = {
					1E38EBF32970051200E761F5 = {
						CreatedOnToolsVersion = 14.0;
					};
				};
			};
			buildConfigurationList = 1E38EBEF2970051200E761F5 /* Build configuration list for PBXProject "miniview" */;
			compatibilityVersion = "Xcode 14.0";
			developmentRegion = en;
			hasScannedForEncodings = 0;
			knownRegions = (
				en,
				Base,
			);
			mainGroup = 1E38EBEB2970051200E761F5;
			productRefGroup = 1E38EBF52970051200E761F5 /* Products */;
			projectDirPath = "";
			projectRoot = "";
			targets = (
				1E38EBF32970051200E761F5 /* miniview */,
			);
		};
/* End PBXProject section */

/* Begin PBXResourcesBuildPhase section */
		1E38EBF22970051200E761F5 /* Resources */ = {
			isa = PBXResourcesBuildPhase;
			buildActionMask = 2147483647;
			files = (
				1E38EC042970051300E761F5 /* LaunchScreen.storyboard in Resources */,
				1E38EC012970051300E761F5 /* Assets.xcassets in Resources */,
				1E38EBFF2970051200E761F5 /* Main.storyboard in Resources */,
			);
			runOnlyForDeploymentPostprocessing = 0;
		};
/* End PBXResourcesBuildPhase section */

/* Begin PBXSourcesBuildPhase section */
		1E38EBF02970051200E761F5 /* Sources */ = {
			isa = PBXSourcesBuildPhase;
			buildActionMask = 2147483647;
			files = (
				1E38EBFC2970051200E761F5 /* ViewController.swift in Sources */,
				1E38EC0C297089DA00E761F5 /* TabController.swift in Sources */,
				1E38EC0E29708A8900E761F5 /* ModalController.swift in Sources */,
				1E38EC142971963D00E761F5 /* ScrollHandler.swift in Sources */,
				1E38EBF82970051200E761F5 /* AppDelegate.swift in Sources */,
				1E38EBFA2970051200E761F5 /* SceneDelegate.swift in Sources */,
				1E38EC102971605800E761F5 /* Constants.swift in Sources */,
				1E38EC12297195F400E761F5 /* ScriptHandler.swift in Sources */,
			);
			runOnlyForDeploymentPostprocessing = 0;
		};
/* End PBXSourcesBuildPhase section */

/* Begin PBXVariantGroup section */
		1E38EBFD2970051200E761F5 /* Main.storyboard */ = {
			isa = PBXVariantGroup;
			children = (
				1E38EBFE2970051200E761F5 /* Base */,
			);
			name = Main.storyboard;
			sourceTree = "<group>";
		};
		1E38EC022970051300E761F5 /* LaunchScreen.storyboard */ = {
			isa = PBXVariantGroup;
			children = (
				1E38EC032970051300E761F5 /* Base */,
			);
			name = LaunchScreen.storyboard;
			sourceTree = "<group>";
		};
/* End PBXVariantGroup section */

/* Begin XCBuildConfiguration section */
		1E38EC062970051300E761F5 /* Debug */ = {
			isa = XCBuildConfiguration;
			buildSettings = {
				ALWAYS_SEARCH_USER_PATHS = NO;
				CLANG_ANALYZER_NONNULL = YES;
				CLANG_ANALYZER_NUMBER_OBJECT_CONVERSION = YES_AGGRESSIVE;
				CLANG_CXX_LANGUAGE_STANDARD = "gnu++20";
				CLANG_ENABLE_MODULES = YES;
				CLANG_ENABLE_OBJC_ARC = YES;
				CLANG_ENABLE_OBJC_WEAK = YES;
				CLANG_WARN_BLOCK_CAPTURE_AUTORELEASING = YES;
				CLANG_WARN_BOOL_CONVERSION = YES;
				CLANG_WARN_COMMA = YES;
				CLANG_WARN_CONSTANT_CONVERSION = YES;
				CLANG_WARN_DEPRECATED_OBJC_IMPLEMENTATIONS = YES;
				CLANG_WARN_DIRECT_OBJC_ISA_USAGE = YES_ERROR;
				CLANG_WARN_DOCUMENTATION_COMMENTS = YES;
				CLANG_WARN_EMPTY_BODY = YES;
				CLANG_WARN_ENUM_CONVERSION = YES;
				CLANG_WARN_INFINITE_RECURSION = YES;
				CLANG_WARN_INT_CONVERSION = YES;
				CLANG_WARN_NON_LITERAL_NULL_CONVERSION = YES;
				CLANG_WARN_OBJC_IMPLICIT_RETAIN_SELF = YES;
				CLANG_WARN_OBJC_LITERAL_CONVERSION = YES;
				CLANG_WARN_OBJC_ROOT_CLASS = YES_ERROR;
				CLANG_WARN_QUOTED_INCLUDE_IN_FRAMEWORK_HEADER = YES;
				CLANG_WARN_RANGE_LOOP_ANALYSIS = YES;
				CLANG_WARN_STRICT_PROTOTYPES = YES;
				CLANG_WARN_SUSPICIOUS_MOVE = YES;
				CLANG_WARN_UNGUARDED_AVAILABILITY = YES_AGGRESSIVE;
				CLANG_WARN_UNREACHABLE_CODE = YES;
				CLANG_WARN__DUPLICATE_METHOD_MATCH = YES;
				COPY_PHASE_STRIP = NO;
				DEBUG_INFORMATION_FORMAT = dwarf;
				ENABLE_STRICT_OBJC_MSGSEND = YES;
				ENABLE_TESTABILITY = YES;
				GCC_C_LANGUAGE_STANDARD = gnu11;
				GCC_DYNAMIC_NO_PIC = NO;
				GCC_NO_COMMON_BLOCKS = YES;
				GCC_OPTIMIZATION_LEVEL = 0;
				GCC_PREPROCESSOR_DEFINITIONS = (
					"DEBUG=1",
					"$(inherited)",
				);
				GCC_WARN_64_TO_32_BIT_CONVERSION = YES;
				GCC_WARN_ABOUT_RETURN_TYPE = YES_ERROR;
				GCC_WARN_UNDECLARED_SELECTOR = YES;
				GCC_WARN_UNINITIALIZED_AUTOS = YES_AGGRESSIVE;
				GCC_WARN_UNUSED_FUNCTION = YES;
				GCC_WARN_UNUSED_VARIABLE = YES;
				IPHONEOS_DEPLOYMENT_TARGET = 16.0;
				MTL_ENABLE_DEBUG_INFO = INCLUDE_SOURCE;
				MTL_FAST_MATH = YES;
				ONLY_ACTIVE_ARCH = YES;
				SDKROOT = iphoneos;
				SWIFT_ACTIVE_COMPILATION_CONDITIONS = DEBUG;
				SWIFT_OPTIMIZATION_LEVEL = "-Onone";
			};
			name = Debug;
		};
		1E38EC072970051300E761F5 /* Release */ = {
			isa = XCBuildConfiguration;
			buildSettings = {
				ALWAYS_SEARCH_USER_PATHS = NO;
				CLANG_ANALYZER_NONNULL = YES;
				CLANG_ANALYZER_NUMBER_OBJECT_CONVERSION = YES_AGGRESSIVE;
				CLANG_CXX_LANGUAGE_STANDARD = "gnu++20";
				CLANG_ENABLE_MODULES = YES;
				CLANG_ENABLE_OBJC_ARC = YES;
				CLANG_ENABLE_OBJC_WEAK = YES;
				CLANG_WARN_BLOCK_CAPTURE_AUTORELEASING = YES;
				CLANG_WARN_BOOL_CONVERSION = YES;
				CLANG_WARN_COMMA = YES;
				CLANG_WARN_CONSTANT_CONVERSION = YES;
				CLANG_WARN_DEPRECATED_OBJC_IMPLEMENTATIONS = YES;
				CLANG_WARN_DIRECT_OBJC_ISA_USAGE = YES_ERROR;
				CLANG_WARN_DOCUMENTATION_COMMENTS = YES;
				CLANG_WARN_EMPTY_BODY = YES;
				CLANG_WARN_ENUM_CONVERSION = YES;
				CLANG_WARN_INFINITE_RECURSION = YES;
				CLANG_WARN_INT_CONVERSION = YES;
				CLANG_WARN_NON_LITERAL_NULL_CONVERSION = YES;
				CLANG_WARN_OBJC_IMPLICIT_RETAIN_SELF = YES;
				CLANG_WARN_OBJC_LITERAL_CONVERSION = YES;
				CLANG_WARN_OBJC_ROOT_CLASS = YES_ERROR;
				CLANG_WARN_QUOTED_INCLUDE_IN_FRAMEWORK_HEADER = YES;
				CLANG_WARN_RANGE_LOOP_ANALYSIS = YES;
				CLANG_WARN_STRICT_PROTOTYPES = YES;
				CLANG_WARN_SUSPICIOUS_MOVE = YES;
				CLANG_WARN_UNGUARDED_AVAILABILITY = YES_AGGRESSIVE;
				CLANG_WARN_UNREACHABLE_CODE = YES;
				CLANG_WARN__DUPLICATE_METHOD_MATCH = YES;
				COPY_PHASE_STRIP = NO;
				DEBUG_INFORMATION_FORMAT = "dwarf-with-dsym";
				ENABLE_NS_ASSERTIONS = NO;
				ENABLE_STRICT_OBJC_MSGSEND = YES;
				GCC_C_LANGUAGE_STANDARD = gnu11;
				GCC_NO_COMMON_BLOCKS = YES;
				GCC_WARN_64_TO_32_BIT_CONVERSION = YES;
				GCC_WARN_ABOUT_RETURN_TYPE = YES_ERROR;
				GCC_WARN_UNDECLARED_SELECTOR = YES;
				GCC_WARN_UNINITIALIZED_AUTOS = YES_AGGRESSIVE;
				GCC_WARN_UNUSED_FUNCTION = YES;
				GCC_WARN_UNUSED_VARIABLE = YES;
				IPHONEOS_DEPLOYMENT_TARGET = 16.0;
				MTL_ENABLE_DEBUG_INFO = NO;
				MTL_FAST_MATH = YES;
				SDKROOT = iphoneos;
				SWIFT_COMPILATION_MODE = wholemodule;
				SWIFT_OPTIMIZATION_LEVEL = "-O";
				VALIDATE_PRODUCT = YES;
			};
			name = Release;
		};
		1E38EC092970051300E761F5 /* Debug */ = {
			isa = XCBuildConfiguration;
			buildSettings = {
				ASSETCATALOG_COMPILER_APPICON_NAME = AppIcon;
				ASSETCATALOG_COMPILER_GLOBAL_ACCENT_COLOR_NAME = AccentColor;
				CODE_SIGN_STYLE = Automatic;
				CURRENT_PROJECT_VERSION = 1;
				DEVELOPMENT_TEAM = 75PGQWHYEU;
				GENERATE_INFOPLIST_FILE = YES;
				INFOPLIST_FILE = miniview/Info.plist;
				INFOPLIST_KEY_CFBundleDisplayName = miniview;
				INFOPLIST_KEY_NSCameraUsageDescription = camera;
				INFOPLIST_KEY_NSMicrophoneUsageDescription = microphone;
				INFOPLIST_KEY_UIApplicationSupportsIndirectInputEvents = YES;
				INFOPLIST_KEY_UILaunchStoryboardName = LaunchScreen;
				INFOPLIST_KEY_UIMainStoryboardFile = Main;
				INFOPLIST_KEY_UISupportedInterfaceOrientations_iPad = "UIInterfaceOrientationPortrait UIInterfaceOrientationPortraitUpsideDown UIInterfaceOrientationLandscapeLeft UIInterfaceOrientationLandscapeRight";
				INFOPLIST_KEY_UISupportedInterfaceOrientations_iPhone = "UIInterfaceOrientationPortrait UIInterfaceOrientationLandscapeLeft UIInterfaceOrientationLandscapeRight";
				IPHONEOS_DEPLOYMENT_TARGET = 15.6;
				LD_RUNPATH_SEARCH_PATHS = (
					"$(inherited)",
					"@executable_path/Frameworks",
				);
				MARKETING_VERSION = 1.0;
				PRODUCT_BUNDLE_IDENTIFIER = com.miniview;
				PRODUCT_NAME = "$(TARGET_NAME)";
				SWIFT_EMIT_LOC_STRINGS = YES;
				SWIFT_VERSION = 5.0;
				TARGETED_DEVICE_FAMILY = "1,2";
			};
			name = Debug;
		};
		1E38EC0A2970051300E761F5 /* Release */ = {
			isa = XCBuildConfiguration;
			buildSettings = {
				ASSETCATALOG_COMPILER_APPICON_NAME = AppIcon;
				ASSETCATALOG_COMPILER_GLOBAL_ACCENT_COLOR_NAME = AccentColor;
				CODE_SIGN_STYLE = Automatic;
				CURRENT_PROJECT_VERSION = 1;
				DEVELOPMENT_TEAM = 75PGQWHYEU;
				GENERATE_INFOPLIST_FILE = YES;
				INFOPLIST_FILE = miniview/Info.plist;
				INFOPLIST_KEY_CFBundleDisplayName = miniview;
				INFOPLIST_KEY_NSCameraUsageDescription = camera;
				INFOPLIST_KEY_NSMicrophoneUsageDescription = microphone;
				INFOPLIST_KEY_UIApplicationSupportsIndirectInputEvents = YES;
				INFOPLIST_KEY_UILaunchStoryboardName = LaunchScreen;
				INFOPLIST_KEY_UIMainStoryboardFile = Main;
				INFOPLIST_KEY_UISupportedInterfaceOrientations_iPad = "UIInterfaceOrientationPortrait UIInterfaceOrientationPortraitUpsideDown UIInterfaceOrientationLandscapeLeft UIInterfaceOrientationLandscapeRight";
				INFOPLIST_KEY_UISupportedInterfaceOrientations_iPhone = "UIInterfaceOrientationPortrait UIInterfaceOrientationLandscapeLeft UIInterfaceOrientationLandscapeRight";
				IPHONEOS_DEPLOYMENT_TARGET = 15.6;
				LD_RUNPATH_SEARCH_PATHS = (
					"$(inherited)",
					"@executable_path/Frameworks",
				);
				MARKETING_VERSION = 1.0;
				PRODUCT_BUNDLE_IDENTIFIER = com.miniview;
				PRODUCT_NAME = "$(TARGET_NAME)";
				SWIFT_EMIT_LOC_STRINGS = YES;
				SWIFT_VERSION = 5.0;
				TARGETED_DEVICE_FAMILY = "1,2";
			};
			name = Release;
		};
/* End XCBuildConfiguration section */

/* Begin XCConfigurationList section */
		1E38EBEF2970051200E761F5 /* Build configuration list for PBXProject "miniview" */ = {
			isa = XCConfigurationList;
			buildConfigurations = (
				1E38EC062970051300E761F5 /* Debug */,
				1E38EC072970051300E761F5 /* Release */,
			);
			defaultConfigurationIsVisible = 0;
			defaultConfigurationName = Release;
		};
		1E38EC082970051300E761F5 /* Build configuration list for PBXNativeTarget "miniview" */ = {
			isa = XCConfigurationList;
			buildConfigurations = (
				1E38EC092970051300E761F5 /* Debug */,
				1E38EC0A2970051300E761F5 /* Release */,
			);
			defaultConfigurationIsVisible = 0;
			defaultConfigurationName = Release;
		};
/* End XCConfigurationList section */
	};
	rootObject = 1E38EBEC2970051200E761F5 /* Project object */;
}
